
Microsoft Visual Studio Solution File, Format Version 12.00
# Visual Studio Version 16
VisualStudioVersion = 16.0.29613.14
MinimumVisualStudioVersion = 10.0.40219.1
Project("{FAE04EC0-301F-11D3-BF4B-00C04F79EFBC}") = "prova_POO", "prova_POO\prova_POO.csproj", "{34F1680B-BAF3-45BE-BDD4-305161EF538D}"
EndProject
Global
	GlobalSection(SolutionConfigurationPlatforms) = preSolution
		Debug|Any CPU = Debug|Any CPU
		Release|Any CPU = Release|Any CPU
	EndGlobalSection
	GlobalSection(ProjectConfigurationPlatforms) = postSolution
		{34F1680B-BAF3-45BE-BDD4-305161EF538D}.Debug|Any CPU.ActiveCfg = Debug|Any CPU
		{34F1680B-BAF3-45BE-BDD4-305161EF538D}.Debug|Any CPU.Build.0 = Debug|Any CPU
		{34F1680B-BAF3-45BE-BDD4-305161EF538D}.Release|Any CPU.ActiveCfg = Release|Any CPU
		{34F1680B-BAF3-45BE-BDD4-305161EF538D}.Release|Any CPU.Build.0 = Release|Any CPU
	EndGlobalSection
	GlobalSection(SolutionProperties) = preSolution
		HideSolutionNode = FALSE
	EndGlobalSection
	GlobalSection(ExtensibilityGlobals) = postSolution
		SolutionGuid = {C2F58C86-B575-4303-932B-E27502151278}
	EndGlobalSection
EndGlobal
